github.com/nice-pink/goutil v0.3.9 h1:Q8w3epo6rbnH6FENrqDy/g1Yv/x+62jmNEgVUaYT/FI=
github.com/nice-pink/goutil v0.3.9/go.mod h1:9YMyl3vf6t4AJ6tlAHr2OKgunTG2DocOQqSDbKGnFe8=
github.com/nice-pink/goutil v0.3.10 h1:jBom2JW/4QorlIJbuJk1nb3i40jAuNPr6x/W90HwaZc=
github.com/nice-pink/goutil v0.3.10/go.mod h1:9YMyl3vf6t4AJ6tlAHr2OKgunTG2DocOQqSDbKGnFe8=
github.com/sftpgo/sdk v0.1.8 h1:HAywJl9jZnigFGztA/CWLieOW+R+HH6js6o6/qYvuSY=
github.com/sftpgo/sdk v0.1.8/go.mod h1:Isl0IEzS/Muvh8Fr4X+NWFsOS/fZQHRD4oPQpoY7C4g=
